// !$*UTF8*$!
{
	archiveVersion = 1;
	classes = {
	};
	objectVersion = 50;
	objects = {

/* Begin PBXBuildFile section */
		FA1A6D3826E0195F000AF4A8 /* AppDelegate.swift in Sources */ = {isa = PBXBuildFile; fileRef = FA1A6D3726E0195F000AF4A8 /* AppDelegate.swift */; };
		FA1A6D3A26E0195F000AF4A8 /* SceneDelegate.swift in Sources */ = {isa = PBXBuildFile; fileRef = FA1A6D3926E0195F000AF4A8 /* SceneDelegate.swift */; };
		FA1A6D4126E01962000AF4A8 /* Assets.xcassets in Resources */ = {isa = PBXBuildFile; fileRef = FA1A6D4026E01962000AF4A8 /* Assets.xcassets */; };
		FA1A6D4426E01962000AF4A8 /* LaunchScreen.storyboard in Resources */ = {isa = PBXBuildFile; fileRef = FA1A6D4226E01962000AF4A8 /* LaunchScreen.storyboard */; };
		FA1A6D4C26E14E7F000AF4A8 /* CharactersViewController.swift in Sources */ = {isa = PBXBuildFile; fileRef = FA1A6D4B26E14E7F000AF4A8 /* CharactersViewController.swift */; };
		FA1A6D5026E15765000AF4A8 /* characterLabel.swift in Sources */ = {isa = PBXBuildFile; fileRef = FA1A6D4F26E15765000AF4A8 /* characterLabel.swift */; };
		FA7F955F26E2A9660041BB27 /* Response.swift in Sources */ = {isa = PBXBuildFile; fileRef = FA7F955E26E2A9660041BB27 /* Response.swift */; };
		FA7F956426E376250041BB27 /* UICollectionReusableViewExtension.swift in Sources */ = {isa = PBXBuildFile; fileRef = FA7F956326E376250041BB27 /* UICollectionReusableViewExtension.swift */; };
		FA7F956C26E38D320041BB27 /* CharacterCollectionViewCell.swift in Sources */ = {isa = PBXBuildFile; fileRef = FA7F956B26E38D320041BB27 /* CharacterCollectionViewCell.swift */; };
		FA7F957126E393CA0041BB27 /* NetworkManager.swift in Sources */ = {isa = PBXBuildFile; fileRef = FA7F957026E393CA0041BB27 /* NetworkManager.swift */; };
		FA7F957426E394680041BB27 /* RMPlaceholderImageView.swift in Sources */ = {isa = PBXBuildFile; fileRef = FA7F957326E394680041BB27 /* RMPlaceholderImageView.swift */; };
		FA7F957A26E3C4D40041BB27 /* UIHelper.swift in Sources */ = {isa = PBXBuildFile; fileRef = FA7F957926E3C4D40041BB27 /* UIHelper.swift */; };
		FA7F957C26E3C8FC0041BB27 /* ErrorMessage.swift in Sources */ = {isa = PBXBuildFile; fileRef = FA7F957B26E3C8FC0041BB27 /* ErrorMessage.swift */; };
		FA7F958226F3CF6D0041BB27 /* CharacterDetailsVC.swift in Sources */ = {isa = PBXBuildFile; fileRef = FA7F958126F3CF6D0041BB27 /* CharacterDetailsVC.swift */; };
		FA7F958426F3CFDB0041BB27 /* CharacterDetailsCell.swift in Sources */ = {isa = PBXBuildFile; fileRef = FA7F958326F3CFDB0041BB27 /* CharacterDetailsCell.swift */; };
		FA82586C26F8ED3E00356C41 /* Character.swift in Sources */ = {isa = PBXBuildFile; fileRef = FA82586B26F8ED3E00356C41 /* Character.swift */; };
		FA82586E26F8ED5B00356C41 /* Episode.swift in Sources */ = {isa = PBXBuildFile; fileRef = FA82586D26F8ED5B00356C41 /* Episode.swift */; };
		FA82587026F90F3400356C41 /* UIViewExtension.swift in Sources */ = {isa = PBXBuildFile; fileRef = FA82586F26F90F3400356C41 /* UIViewExtension.swift */; };
/* End PBXBuildFile section */

/* Begin PBXFileReference section */
		FA1A6D3426E0195F000AF4A8 /* RickandMortyAPI.app */ = {isa = PBXFileReference; explicitFileType = wrapper.application; includeInIndex = 0; path = RickandMortyAPI.app; sourceTree = BUILT_PRODUCTS_DIR; };
		FA1A6D3726E0195F000AF4A8 /* AppDelegate.swift */ = {isa = PBXFileReference; lastKnownFileType = sourcecode.swift; path = AppDelegate.swift; sourceTree = "<group>"; };
		FA1A6D3926E0195F000AF4A8 /* SceneDelegate.swift */ = {isa = PBXFileReference; lastKnownFileType = sourcecode.swift; path = SceneDelegate.swift; sourceTree = "<group>"; };
		FA1A6D4026E01962000AF4A8 /* Assets.xcassets */ = {isa = PBXFileReference; lastKnownFileType = folder.assetcatalog; path = Assets.xcassets; sourceTree = "<group>"; };
		FA1A6D4326E01962000AF4A8 /* Base */ = {isa = PBXFileReference; lastKnownFileType = file.storyboard; name = Base; path = Base.lproj/LaunchScreen.storyboard; sourceTree = "<group>"; };
		FA1A6D4526E01962000AF4A8 /* Info.plist */ = {isa = PBXFileReference; lastKnownFileType = text.plist.xml; path = Info.plist; sourceTree = "<group>"; };
		FA1A6D4B26E14E7F000AF4A8 /* CharactersViewController.swift */ = {isa = PBXFileReference; lastKnownFileType = sourcecode.swift; path = CharactersViewController.swift; sourceTree = "<group>"; };
		FA1A6D4F26E15765000AF4A8 /* characterLabel.swift */ = {isa = PBXFileReference; lastKnownFileType = sourcecode.swift; path = characterLabel.swift; sourceTree = "<group>"; };
		FA7F955E26E2A9660041BB27 /* Response.swift */ = {isa = PBXFileReference; lastKnownFileType = sourcecode.swift; path = Response.swift; sourceTree = "<group>"; };
		FA7F956326E376250041BB27 /* UICollectionReusableViewExtension.swift */ = {isa = PBXFileReference; lastKnownFileType = sourcecode.swift; path = UICollectionReusableViewExtension.swift; sourceTree = "<group>"; };
		FA7F956B26E38D320041BB27 /* CharacterCollectionViewCell.swift */ = {isa = PBXFileReference; lastKnownFileType = sourcecode.swift; path = CharacterCollectionViewCell.swift; sourceTree = "<group>"; };
		FA7F957026E393CA0041BB27 /* NetworkManager.swift */ = {isa = PBXFileReference; lastKnownFileType = sourcecode.swift; path = NetworkManager.swift; sourceTree = "<group>"; };
		FA7F957326E394680041BB27 /* RMPlaceholderImageView.swift */ = {isa = PBXFileReference; lastKnownFileType = sourcecode.swift; path = RMPlaceholderImageView.swift; sourceTree = "<group>"; };
		FA7F957926E3C4D40041BB27 /* UIHelper.swift */ = {isa = PBXFileReference; lastKnownFileType = sourcecode.swift; path = UIHelper.swift; sourceTree = "<group>"; };
		FA7F957B26E3C8FC0041BB27 /* ErrorMessage.swift */ = {isa = PBXFileReference; lastKnownFileType = sourcecode.swift; path = ErrorMessage.swift; sourceTree = "<group>"; };
		FA7F958126F3CF6D0041BB27 /* CharacterDetailsVC.swift */ = {isa = PBXFileReference; lastKnownFileType = sourcecode.swift; path = CharacterDetailsVC.swift; sourceTree = "<group>"; };
		FA7F958326F3CFDB0041BB27 /* CharacterDetailsCell.swift */ = {isa = PBXFileReference; lastKnownFileType = sourcecode.swift; path = CharacterDetailsCell.swift; sourceTree = "<group>"; };
		FA82586B26F8ED3E00356C41 /* Character.swift */ = {isa = PBXFileReference; lastKnownFileType = sourcecode.swift; path = Character.swift; sourceTree = "<group>"; };
		FA82586D26F8ED5B00356C41 /* Episode.swift */ = {isa = PBXFileReference; lastKnownFileType = sourcecode.swift; path = Episode.swift; sourceTree = "<group>"; };
		FA82586F26F90F3400356C41 /* UIViewExtension.swift */ = {isa = PBXFileReference; lastKnownFileType = sourcecode.swift; path = UIViewExtension.swift; sourceTree = "<group>"; };
/* End PBXFileReference section */

/* Begin PBXFrameworksBuildPhase section */
		FA1A6D3126E0195F000AF4A8 /* Frameworks */ = {
			isa = PBXFrameworksBuildPhase;
			buildActionMask = 2147483647;
			files = (
			);
			runOnlyForDeploymentPostprocessing = 0;
		};
/* End PBXFrameworksBuildPhase section */

/* Begin PBXGroup section */
		FA1A6D2B26E0195F000AF4A8 = {
			isa = PBXGroup;
			children = (
				FA1A6D3626E0195F000AF4A8 /* RickandMortyAPI */,
				FA1A6D3526E0195F000AF4A8 /* Products */,
			);
			sourceTree = "<group>";
		};
		FA1A6D3526E0195F000AF4A8 /* Products */ = {
			isa = PBXGroup;
			children = (
				FA1A6D3426E0195F000AF4A8 /* RickandMortyAPI.app */,
			);
			name = Products;
			sourceTree = "<group>";
		};
		FA1A6D3626E0195F000AF4A8 /* RickandMortyAPI */ = {
			isa = PBXGroup;
			children = (
				FA7F957826E3C4AC0041BB27 /* UIHelper */,
				FA7F956F26E393AC0041BB27 /* Network */,
				FA7F956226E375F30041BB27 /* Extensions */,
				FA7F955C26E2A1290041BB27 /* Models */,
				FA7F955A26E2A11C0041BB27 /* Custom Views */,
				FA7F955B26E2A1230041BB27 /* View */,
				FA7F955D26E2A16B0041BB27 /* Support */,
				FA1A6D4526E01962000AF4A8 /* Info.plist */,
			);
			path = RickandMortyAPI;
			sourceTree = "<group>";
		};
		FA7F955A26E2A11C0041BB27 /* Custom Views */ = {
			isa = PBXGroup;
			children = (
				FA7F957226E394210041BB27 /* ImageViews */,
				FA7F956926E38CF00041BB27 /* Controller */,
				FA7F956A26E38CFD0041BB27 /* Cells */,
			);
			path = "Custom Views";
			sourceTree = "<group>";
		};
		FA7F955B26E2A1230041BB27 /* View */ = {
			isa = PBXGroup;
			children = (
				FA1A6D4F26E15765000AF4A8 /* characterLabel.swift */,
			);
			path = View;
			sourceTree = "<group>";
		};
		FA7F955C26E2A1290041BB27 /* Models */ = {
			isa = PBXGroup;
			children = (
				FA7F955E26E2A9660041BB27 /* Response.swift */,
				FA82586B26F8ED3E00356C41 /* Character.swift */,
				FA82586D26F8ED5B00356C41 /* Episode.swift */,
			);
			path = Models;
			sourceTree = "<group>";
		};
		FA7F955D26E2A16B0041BB27 /* Support */ = {
			isa = PBXGroup;
			children = (
				FA1A6D3726E0195F000AF4A8 /* AppDelegate.swift */,
				FA1A6D3926E0195F000AF4A8 /* SceneDelegate.swift */,
				FA1A6D4026E01962000AF4A8 /* Assets.xcassets */,
				FA1A6D4226E01962000AF4A8 /* LaunchScreen.storyboard */,
			);
			path = Support;
			sourceTree = "<group>";
		};
		FA7F956226E375F30041BB27 /* Extensions */ = {
			isa = PBXGroup;
			children = (
				FA7F956326E376250041BB27 /* UICollectionReusableViewExtension.swift */,
				FA82586F26F90F3400356C41 /* UIViewExtension.swift */,
			);
			path = Extensions;
			sourceTree = "<group>";
		};
		FA7F956926E38CF00041BB27 /* Controller */ = {
			isa = PBXGroup;
			children = (
				FA1A6D4B26E14E7F000AF4A8 /* CharactersViewController.swift */,
				FA7F958126F3CF6D0041BB27 /* CharacterDetailsVC.swift */,
			);
			path = Controller;
			sourceTree = "<group>";
		};
		FA7F956A26E38CFD0041BB27 /* Cells */ = {
			isa = PBXGroup;
			children = (
				FA7F956B26E38D320041BB27 /* CharacterCollectionViewCell.swift */,
				FA7F958326F3CFDB0041BB27 /* CharacterDetailsCell.swift */,
			);
			path = Cells;
			sourceTree = "<group>";
		};
		FA7F956F26E393AC0041BB27 /* Network */ = {
			isa = PBXGroup;
			children = (
				FA7F957026E393CA0041BB27 /* NetworkManager.swift */,
			);
			path = Network;
			sourceTree = "<group>";
		};
		FA7F957226E394210041BB27 /* ImageViews */ = {
			isa = PBXGroup;
			children = (
				FA7F957326E394680041BB27 /* RMPlaceholderImageView.swift */,
			);
			path = ImageViews;
			sourceTree = "<group>";
		};
		FA7F957826E3C4AC0041BB27 /* UIHelper */ = {
			isa = PBXGroup;
			children = (
				FA7F957926E3C4D40041BB27 /* UIHelper.swift */,
				FA7F957B26E3C8FC0041BB27 /* ErrorMessage.swift */,
			);
			path = UIHelper;
			sourceTree = "<group>";
		};
/* End PBXGroup section */

/* Begin PBXNativeTarget section */
		FA1A6D3326E0195F000AF4A8 /* RickandMortyAPI */ = {
			isa = PBXNativeTarget;
			buildConfigurationList = FA1A6D4826E01962000AF4A8 /* Build configuration list for PBXNativeTarget "RickandMortyAPI" */;
			buildPhases = (
				FA1A6D3026E0195F000AF4A8 /* Sources */,
				FA1A6D3126E0195F000AF4A8 /* Frameworks */,
				FA1A6D3226E0195F000AF4A8 /* Resources */,
			);
			buildRules = (
			);
			dependencies = (
			);
			name = RickandMortyAPI;
			productName = RickandMortyAPI;
			productReference = FA1A6D3426E0195F000AF4A8 /* RickandMortyAPI.app */;
			productType = "com.apple.product-type.application";
		};
/* End PBXNativeTarget section */

/* Begin PBXProject section */
		FA1A6D2C26E0195F000AF4A8 /* Project object */ = {
			isa = PBXProject;
			attributes = {
				LastSwiftUpdateCheck = 1250;
				LastUpgradeCheck = 1250;
				TargetAttributes = {
					FA1A6D3326E0195F000AF4A8 = {
						CreatedOnToolsVersion = 12.5.1;
					};
				};
			};
			buildConfigurationList = FA1A6D2F26E0195F000AF4A8 /* Build configuration list for PBXProject "RickandMortyAPI" */;
			compatibilityVersion = "Xcode 9.3";
			developmentRegion = en;
			hasScannedForEncodings = 0;
			knownRegions = (
				en,
				Base,
			);
			mainGroup = FA1A6D2B26E0195F000AF4A8;
			productRefGroup = FA1A6D3526E0195F000AF4A8 /* Products */;
			projectDirPath = "";
			projectRoot = "";
			targets = (
				FA1A6D3326E0195F000AF4A8 /* RickandMortyAPI */,
			);
		};
/* End PBXProject section */

/* Begin PBXResourcesBuildPhase section */
		FA1A6D3226E0195F000AF4A8 /* Resources */ = {
			isa = PBXResourcesBuildPhase;
			buildActionMask = 2147483647;
			files = (
				FA1A6D4426E01962000AF4A8 /* LaunchScreen.storyboard in Resources */,
				FA1A6D4126E01962000AF4A8 /* Assets.xcassets in Resources */,
			);
			runOnlyForDeploymentPostprocessing = 0;
		};
/* End PBXResourcesBuildPhase section */

/* Begin PBXSourcesBuildPhase section */
		FA1A6D3026E0195F000AF4A8 /* Sources */ = {
			isa = PBXSourcesBuildPhase;
			buildActionMask = 2147483647;
			files = (
				FA7F955F26E2A9660041BB27 /* Response.swift in Sources */,
				FA7F956426E376250041BB27 /* UICollectionReusableViewExtension.swift in Sources */,
				FA7F957126E393CA0041BB27 /* NetworkManager.swift in Sources */,
				FA1A6D4C26E14E7F000AF4A8 /* CharactersViewController.swift in Sources */,
				FA1A6D5026E15765000AF4A8 /* characterLabel.swift in Sources */,
				FA7F958226F3CF6D0041BB27 /* CharacterDetailsVC.swift in Sources */,
				FA82586E26F8ED5B00356C41 /* Episode.swift in Sources */,
				FA82587026F90F3400356C41 /* UIViewExtension.swift in Sources */,
				FA7F957C26E3C8FC0041BB27 /* ErrorMessage.swift in Sources */,
				FA7F958426F3CFDB0041BB27 /* CharacterDetailsCell.swift in Sources */,
				FA7F956C26E38D320041BB27 /* CharacterCollectionViewCell.swift in Sources */,
				FA7F957426E394680041BB27 /* RMPlaceholderImageView.swift in Sources */,
				FA1A6D3826E0195F000AF4A8 /* AppDelegate.swift in Sources */,
				FA1A6D3A26E0195F000AF4A8 /* SceneDelegate.swift in Sources */,
				FA7F957A26E3C4D40041BB27 /* UIHelper.swift in Sources */,
				FA82586C26F8ED3E00356C41 /* Character.swift in Sources */,
			);
			runOnlyForDeploymentPostprocessing = 0;
		};
/* End PBXSourcesBuildPhase section */

/* Begin PBXVariantGroup section */
		FA1A6D4226E01962000AF4A8 /* LaunchScreen.storyboard */ = {
			isa = PBXVariantGroup;
			children = (
				FA1A6D4326E01962000AF4A8 /* Base */,
			);
			name = LaunchScreen.storyboard;
			sourceTree = "<group>";
		};
/* End PBXVariantGroup section */

/* Begin XCBuildConfiguration section */
		FA1A6D4626E01962000AF4A8 /* Debug */ = {
			isa = XCBuildConfiguration;
			buildSettings = {
				ALWAYS_SEARCH_USER_PATHS = NO;
				CLANG_ANALYZER_NONNULL = YES;
				CLANG_ANALYZER_NUMBER_OBJECT_CONVERSION = YES_AGGRESSIVE;
				CLANG_CXX_LANGUAGE_STANDARD = "gnu++14";
				CLANG_CXX_LIBRARY = "libc++";
				CLANG_ENABLE_MODULES = YES;
				CLANG_ENABLE_OBJC_ARC = YES;
				CLANG_ENABLE_OBJC_WEAK = YES;
				CLANG_WARN_BLOCK_CAPTURE_AUTORELEASING = YES;
				CLANG_WARN_BOOL_CONVERSION = YES;
				CLANG_WARN_COMMA = YES;
				CLANG_WARN_CONSTANT_CONVERSION = YES;
				CLANG_WARN_DEPRECATED_OBJC_IMPLEMENTATIONS = YES;
				CLANG_WARN_DIRECT_OBJC_ISA_USAGE = YES_ERROR;
				CLANG_WARN_DOCUMENTATION_COMMENTS = YES;
				CLANG_WARN_EMPTY_BODY = YES;
				CLANG_WARN_ENUM_CONVERSION = YES;
				CLANG_WARN_INFINITE_RECURSION = YES;
				CLANG_WARN_INT_CONVERSION = YES;
				CLANG_WARN_NON_LITERAL_NULL_CONVERSION = YES;
				CLANG_WARN_OBJC_IMPLICIT_RETAIN_SELF = YES;
				CLANG_WARN_OBJC_LITERAL_CONVERSION = YES;
				CLANG_WARN_OBJC_ROOT_CLASS = YES_ERROR;
				CLANG_WARN_QUOTED_INCLUDE_IN_FRAMEWORK_HEADER = YES;
				CLANG_WARN_RANGE_LOOP_ANALYSIS = YES;
				CLANG_WARN_STRICT_PROTOTYPES = YES;
				CLANG_WARN_SUSPICIOUS_MOVE = YES;
				CLANG_WARN_UNGUARDED_AVAILABILITY = YES_AGGRESSIVE;
				CLANG_WARN_UNREACHABLE_CODE = YES;
				CLANG_WARN__DUPLICATE_METHOD_MATCH = YES;
				COPY_PHASE_STRIP = NO;
				DEBUG_INFORMATION_FORMAT = dwarf;
				ENABLE_STRICT_OBJC_MSGSEND = YES;
				ENABLE_TESTABILITY = YES;
				GCC_C_LANGUAGE_STANDARD = gnu11;
				GCC_DYNAMIC_NO_PIC = NO;
				GCC_NO_COMMON_BLOCKS = YES;
				GCC_OPTIMIZATION_LEVEL = 0;
				GCC_PREPROCESSOR_DEFINITIONS = (
					"DEBUG=1",
					"$(inherited)",
				);
				GCC_WARN_64_TO_32_BIT_CONVERSION = YES;
				GCC_WARN_ABOUT_RETURN_TYPE = YES_ERROR;
				GCC_WARN_UNDECLARED_SELECTOR = YES;
				GCC_WARN_UNINITIALIZED_AUTOS = YES_AGGRESSIVE;
				GCC_WARN_UNUSED_FUNCTION = YES;
				GCC_WARN_UNUSED_VARIABLE = YES;
				IPHONEOS_DEPLOYMENT_TARGET = 14.5;
				MTL_ENABLE_DEBUG_INFO = INCLUDE_SOURCE;
				MTL_FAST_MATH = YES;
				ONLY_ACTIVE_ARCH = YES;
				SDKROOT = iphoneos;
				SWIFT_ACTIVE_COMPILATION_CONDITIONS = DEBUG;
				SWIFT_OPTIMIZATION_LEVEL = "-Onone";
			};
			name = Debug;
		};
		FA1A6D4726E01962000AF4A8 /* Release */ = {
			isa = XCBuildConfiguration;
			buildSettings = {
				ALWAYS_SEARCH_USER_PATHS = NO;
				CLANG_ANALYZER_NONNULL = YES;
				CLANG_ANALYZER_NUMBER_OBJECT_CONVERSION = YES_AGGRESSIVE;
				CLANG_CXX_LANGUAGE_STANDARD = "gnu++14";
				CLANG_CXX_LIBRARY = "libc++";
				CLANG_ENABLE_MODULES = YES;
				CLANG_ENABLE_OBJC_ARC = YES;
				CLANG_ENABLE_OBJC_WEAK = YES;
				CLANG_WARN_BLOCK_CAPTURE_AUTORELEASING = YES;
				CLANG_WARN_BOOL_CONVERSION = YES;
				CLANG_WARN_COMMA = YES;
				CLANG_WARN_CONSTANT_CONVERSION = YES;
				CLANG_WARN_DEPRECATED_OBJC_IMPLEMENTATIONS = YES;
				CLANG_WARN_DIRECT_OBJC_ISA_USAGE = YES_ERROR;
				CLANG_WARN_DOCUMENTATION_COMMENTS = YES;
				CLANG_WARN_EMPTY_BODY = YES;
				CLANG_WARN_ENUM_CONVERSION = YES;
				CLANG_WARN_INFINITE_RECURSION = YES;
				CLANG_WARN_INT_CONVERSION = YES;
				CLANG_WARN_NON_LITERAL_NULL_CONVERSION = YES;
				CLANG_WARN_OBJC_IMPLICIT_RETAIN_SELF = YES;
				CLANG_WARN_OBJC_LITERAL_CONVERSION = YES;
				CLANG_WARN_OBJC_ROOT_CLASS = YES_ERROR;
				CLANG_WARN_QUOTED_INCLUDE_IN_FRAMEWORK_HEADER = YES;
				CLANG_WARN_RANGE_LOOP_ANALYSIS = YES;
				CLANG_WARN_STRICT_PROTOTYPES = YES;
				CLANG_WARN_SUSPICIOUS_MOVE = YES;
				CLANG_WARN_UNGUARDED_AVAILABILITY = YES_AGGRESSIVE;
				CLANG_WARN_UNREACHABLE_CODE = YES;
				CLANG_WARN__DUPLICATE_METHOD_MATCH = YES;
				COPY_PHASE_STRIP = NO;
				DEBUG_INFORMATION_FORMAT = "dwarf-with-dsym";
				ENABLE_NS_ASSERTIONS = NO;
				ENABLE_STRICT_OBJC_MSGSEND = YES;
				GCC_C_LANGUAGE_STANDARD = gnu11;
				GCC_NO_COMMON_BLOCKS = YES;
				GCC_WARN_64_TO_32_BIT_CONVERSION = YES;
				GCC_WARN_ABOUT_RETURN_TYPE = YES_ERROR;
				GCC_WARN_UNDECLARED_SELECTOR = YES;
				GCC_WARN_UNINITIALIZED_AUTOS = YES_AGGRESSIVE;
				GCC_WARN_UNUSED_FUNCTION = YES;
				GCC_WARN_UNUSED_VARIABLE = YES;
				IPHONEOS_DEPLOYMENT_TARGET = 14.5;
				MTL_ENABLE_DEBUG_INFO = NO;
				MTL_FAST_MATH = YES;
				SDKROOT = iphoneos;
				SWIFT_COMPILATION_MODE = wholemodule;
				SWIFT_OPTIMIZATION_LEVEL = "-O";
				VALIDATE_PRODUCT = YES;
			};
			name = Release;
		};
		FA1A6D4926E01962000AF4A8 /* Debug */ = {
			isa = XCBuildConfiguration;
			buildSettings = {
				ASSETCATALOG_COMPILER_APPICON_NAME = AppIcon;
				ASSETCATALOG_COMPILER_GLOBAL_ACCENT_COLOR_NAME = AccentColor;
				CODE_SIGN_STYLE = Automatic;
				DEVELOPMENT_TEAM = 87T5NBT3G4;
				INFOPLIST_FILE = RickandMortyAPI/Info.plist;
				IPHONEOS_DEPLOYMENT_TARGET = 14.1;
				LD_RUNPATH_SEARCH_PATHS = (
					"$(inherited)",
					"@executable_path/Frameworks",
				);
				PRODUCT_BUNDLE_IDENTIFIER = com.justalex.RickandMortyAPI;
				PRODUCT_NAME = "$(TARGET_NAME)";
				SWIFT_VERSION = 5.0;
				TARGETED_DEVICE_FAMILY = "1,2";
			};
			name = Debug;
		};
		FA1A6D4A26E01962000AF4A8 /* Release */ = {
			isa = XCBuildConfiguration;
			buildSettings = {
				ASSETCATALOG_COMPILER_APPICON_NAME = AppIcon;
				ASSETCATALOG_COMPILER_GLOBAL_ACCENT_COLOR_NAME = AccentColor;
				CODE_SIGN_STYLE = Automatic;
				DEVELOPMENT_TEAM = 87T5NBT3G4;
				INFOPLIST_FILE = RickandMortyAPI/Info.plist;
				IPHONEOS_DEPLOYMENT_TARGET = 14.1;
				LD_RUNPATH_SEARCH_PATHS = (
					"$(inherited)",
					"@executable_path/Frameworks",
				);
				PRODUCT_BUNDLE_IDENTIFIER = com.justalex.RickandMortyAPI;
				PRODUCT_NAME = "$(TARGET_NAME)";
				SWIFT_VERSION = 5.0;
				TARGETED_DEVICE_FAMILY = "1,2";
			};
			name = Release;
		};
/* End XCBuildConfiguration section */

/* Begin XCConfigurationList section */
		FA1A6D2F26E0195F000AF4A8 /* Build configuration list for PBXProject "RickandMortyAPI" */ = {
			isa = XCConfigurationList;
			buildConfigurations = (
				FA1A6D4626E01962000AF4A8 /* Debug */,
				FA1A6D4726E01962000AF4A8 /* Release */,
			);
			defaultConfigurationIsVisible = 0;
			defaultConfigurationName = Release;
		};
		FA1A6D4826E01962000AF4A8 /* Build configuration list for PBXNativeTarget "RickandMortyAPI" */ = {
			isa = XCConfigurationList;
			buildConfigurations = (
				FA1A6D4926E01962000AF4A8 /* Debug */,
				FA1A6D4A26E01962000AF4A8 /* Release */,
			);
			defaultConfigurationIsVisible = 0;
			defaultConfigurationName = Release;
		};
/* End XCConfigurationList section */
	};
	rootObject = FA1A6D2C26E0195F000AF4A8 /* Project object */;
}
